// !$*UTF8*$!
{
	archiveVersion = 1;
	classes = {
	};
	objectVersion = 46;
	objects = {

/* Begin PBXBuildFile section */
		5EAB97E61A899944002965B0 /* main.m in Sources */ = {isa = PBXBuildFile; fileRef = 5EAB97E51A899944002965B0 /* main.m */; };
		5EAB97E91A899944002965B0 /* AppDelegate.m in Sources */ = {isa = PBXBuildFile; fileRef = 5EAB97E81A899944002965B0 /* AppDelegate.m */; };
		5EAB97F11A899944002965B0 /* Images.xcassets in Resources */ = {isa = PBXBuildFile; fileRef = 5EAB97F01A899944002965B0 /* Images.xcassets */; };
		5EAB97F41A899944002965B0 /* LaunchScreen.xib in Resources */ = {isa = PBXBuildFile; fileRef = 5EAB97F21A899944002965B0 /* LaunchScreen.xib */; };
		5EAB980C1A899997002965B0 /* MainViewController.m in Sources */ = {isa = PBXBuildFile; fileRef = 5EAB980A1A899997002965B0 /* MainViewController.m */; };
		5EAB980D1A899997002965B0 /* MainViewController.xib in Resources */ = {isa = PBXBuildFile; fileRef = 5EAB980B1A899997002965B0 /* MainViewController.xib */; };
		5EAB98121A899A16002965B0 /* GPUberViewController.m in Sources */ = {isa = PBXBuildFile; fileRef = 5EAB98101A899A16002965B0 /* GPUberViewController.m */; };
		5EAB98131A899A16002965B0 /* GPUberViewController.xib in Resources */ = {isa = PBXBuildFile; fileRef = 5EAB98111A899A16002965B0 /* GPUberViewController.xib */; };
		5EAB98161A89A403002965B0 /* GPUberProduct.m in Sources */ = {isa = PBXBuildFile; fileRef = 5EAB98151A89A403002965B0 /* GPUberProduct.m */; };
		5EAB98191A89A85A002965B0 /* GPUberNetworking.m in Sources */ = {isa = PBXBuildFile; fileRef = 5EAB98181A89A85A002965B0 /* GPUberNetworking.m */; };
		5EAB981D1A89A8B5002965B0 /* GPUberPrice.m in Sources */ = {isa = PBXBuildFile; fileRef = 5EAB981C1A89A8B5002965B0 /* GPUberPrice.m */; };
		5EAB98211A89B75D002965B0 /* NSDictionary+URLEncoding.m in Sources */ = {isa = PBXBuildFile; fileRef = 5EAB98201A89B75D002965B0 /* NSDictionary+URLEncoding.m */; };
		5EAB98241A89BC85002965B0 /* GPUberUtils.m in Sources */ = {isa = PBXBuildFile; fileRef = 5EAB98231A89BC85002965B0 /* GPUberUtils.m */; };
		5EAB98281A89C31C002965B0 /* GPUberView.xcassets in Resources */ = {isa = PBXBuildFile; fileRef = 5EAB98271A89C31C002965B0 /* GPUberView.xcassets */; };
		5EAB982B1A89C4F7002965B0 /* UIColor+GPUberView.m in Sources */ = {isa = PBXBuildFile; fileRef = 5EAB982A1A89C4F7002965B0 /* UIColor+GPUberView.m */; };
		5EAB982F1A89C823002965B0 /* GPUberViewElement.m in Sources */ = {isa = PBXBuildFile; fileRef = 5EAB982E1A89C823002965B0 /* GPUberViewElement.m */; };
		5EAB98331A89CE9A002965B0 /* GPUberViewCell.m in Sources */ = {isa = PBXBuildFile; fileRef = 5EAB98311A89CE9A002965B0 /* GPUberViewCell.m */; };
		5EAB98341A89CE9A002965B0 /* GPUberViewCell.xib in Resources */ = {isa = PBXBuildFile; fileRef = 5EAB98321A89CE9A002965B0 /* GPUberViewCell.xib */; };
		5EAB98371A89E188002965B0 /* GPUberTime.m in Sources */ = {isa = PBXBuildFile; fileRef = 5EAB98361A89E188002965B0 /* GPUberTime.m */; };
		E941B3F7D08F9B605082D7FF /* libPods.a in Frameworks */ = {isa = PBXBuildFile; fileRef = FF39ED48A58773013E635B98 /* libPods.a */; };
/* End PBXBuildFile section */

/* Begin PBXFileReference section */
		5EAB97E01A899944002965B0 /* GPUberViewDemo.app */ = {isa = PBXFileReference; explicitFileType = wrapper.application; includeInIndex = 0; path = GPUberViewDemo.app; sourceTree = BUILT_PRODUCTS_DIR; };
		5EAB97E41A899944002965B0 /* Info.plist */ = {isa = PBXFileReference; lastKnownFileType = text.plist.xml; path = Info.plist; sourceTree = "<group>"; };
		5EAB97E51A899944002965B0 /* main.m */ = {isa = PBXFileReference; lastKnownFileType = sourcecode.c.objc; path = main.m; sourceTree = "<group>"; };
		5EAB97E71A899944002965B0 /* AppDelegate.h */ = {isa = PBXFileReference; lastKnownFileType = sourcecode.c.h; path = AppDelegate.h; sourceTree = "<group>"; };
		5EAB97E81A899944002965B0 /* AppDelegate.m */ = {isa = PBXFileReference; lastKnownFileType = sourcecode.c.objc; path = AppDelegate.m; sourceTree = "<group>"; };
		5EAB97F01A899944002965B0 /* Images.xcassets */ = {isa = PBXFileReference; lastKnownFileType = folder.assetcatalog; path = Images.xcassets; sourceTree = "<group>"; };
		5EAB97F31A899944002965B0 /* Base */ = {isa = PBXFileReference; lastKnownFileType = file.xib; name = Base; path = Base.lproj/LaunchScreen.xib; sourceTree = "<group>"; };
		5EAB98091A899997002965B0 /* MainViewController.h */ = {isa = PBXFileReference; fileEncoding = 4; lastKnownFileType = sourcecode.c.h; path = MainViewController.h; sourceTree = "<group>"; };
		5EAB980A1A899997002965B0 /* MainViewController.m */ = {isa = PBXFileReference; fileEncoding = 4; lastKnownFileType = sourcecode.c.objc; path = MainViewController.m; sourceTree = "<group>"; };
		5EAB980B1A899997002965B0 /* MainViewController.xib */ = {isa = PBXFileReference; fileEncoding = 4; lastKnownFileType = file.xib; path = MainViewController.xib; sourceTree = "<group>"; };
		5EAB980F1A899A16002965B0 /* GPUberViewController.h */ = {isa = PBXFileReference; fileEncoding = 4; lastKnownFileType = sourcecode.c.h; path = GPUberViewController.h; sourceTree = "<group>"; };
		5EAB98101A899A16002965B0 /* GPUberViewController.m */ = {isa = PBXFileReference; fileEncoding = 4; lastKnownFileType = sourcecode.c.objc; path = GPUberViewController.m; sourceTree = "<group>"; };
		5EAB98111A899A16002965B0 /* GPUberViewController.xib */ = {isa = PBXFileReference; fileEncoding = 4; lastKnownFileType = file.xib; path = GPUberViewController.xib; sourceTree = "<group>"; };
		5EAB98141A89A403002965B0 /* GPUberProduct.h */ = {isa = PBXFileReference; fileEncoding = 4; lastKnownFileType = sourcecode.c.h; path = GPUberProduct.h; sourceTree = "<group>"; };
		5EAB98151A89A403002965B0 /* GPUberProduct.m */ = {isa = PBXFileReference; fileEncoding = 4; lastKnownFileType = sourcecode.c.objc; path = GPUberProduct.m; sourceTree = "<group>"; };
		5EAB98171A89A85A002965B0 /* GPUberNetworking.h */ = {isa = PBXFileReference; fileEncoding = 4; lastKnownFileType = sourcecode.c.h; path = GPUberNetworking.h; sourceTree = "<group>"; };
		5EAB98181A89A85A002965B0 /* GPUberNetworking.m */ = {isa = PBXFileReference; fileEncoding = 4; lastKnownFileType = sourcecode.c.objc; path = GPUberNetworking.m; sourceTree = "<group>"; };
		5EAB981B1A89A8B5002965B0 /* GPUberPrice.h */ = {isa = PBXFileReference; fileEncoding = 4; lastKnownFileType = sourcecode.c.h; path = GPUberPrice.h; sourceTree = "<group>"; };
		5EAB981C1A89A8B5002965B0 /* GPUberPrice.m */ = {isa = PBXFileReference; fileEncoding = 4; lastKnownFileType = sourcecode.c.objc; path = GPUberPrice.m; sourceTree = "<group>"; };
		5EAB981F1A89B75D002965B0 /* NSDictionary+URLEncoding.h */ = {isa = PBXFileReference; fileEncoding = 4; lastKnownFileType = sourcecode.c.h; path = "NSDictionary+URLEncoding.h"; sourceTree = "<group>"; };
		5EAB98201A89B75D002965B0 /* NSDictionary+URLEncoding.m */ = {isa = PBXFileReference; fileEncoding = 4; lastKnownFileType = sourcecode.c.objc; path = "NSDictionary+URLEncoding.m"; sourceTree = "<group>"; };
		5EAB98221A89BC85002965B0 /* GPUberUtils.h */ = {isa = PBXFileReference; fileEncoding = 4; lastKnownFileType = sourcecode.c.h; path = GPUberUtils.h; sourceTree = "<group>"; };
		5EAB98231A89BC85002965B0 /* GPUberUtils.m */ = {isa = PBXFileReference; fileEncoding = 4; lastKnownFileType = sourcecode.c.objc; path = GPUberUtils.m; sourceTree = "<group>"; };
		5EAB98271A89C31C002965B0 /* GPUberView.xcassets */ = {isa = PBXFileReference; lastKnownFileType = folder.assetcatalog; path = GPUberView.xcassets; sourceTree = "<group>"; };
		5EAB98291A89C4F7002965B0 /* UIColor+GPUberView.h */ = {isa = PBXFileReference; fileEncoding = 4; lastKnownFileType = sourcecode.c.h; path = "UIColor+GPUberView.h"; sourceTree = "<group>"; };
		5EAB982A1A89C4F7002965B0 /* UIColor+GPUberView.m */ = {isa = PBXFileReference; fileEncoding = 4; lastKnownFileType = sourcecode.c.objc; path = "UIColor+GPUberView.m"; sourceTree = "<group>"; };
		5EAB982D1A89C823002965B0 /* GPUberViewElement.h */ = {isa = PBXFileReference; fileEncoding = 4; lastKnownFileType = sourcecode.c.h; path = GPUberViewElement.h; sourceTree = "<group>"; };
		5EAB982E1A89C823002965B0 /* GPUberViewElement.m */ = {isa = PBXFileReference; fileEncoding = 4; lastKnownFileType = sourcecode.c.objc; path = GPUberViewElement.m; sourceTree = "<group>"; };
		5EAB98301A89CE9A002965B0 /* GPUberViewCell.h */ = {isa = PBXFileReference; fileEncoding = 4; lastKnownFileType = sourcecode.c.h; path = GPUberViewCell.h; sourceTree = "<group>"; };
		5EAB98311A89CE9A002965B0 /* GPUberViewCell.m */ = {isa = PBXFileReference; fileEncoding = 4; lastKnownFileType = sourcecode.c.objc; path = GPUberViewCell.m; sourceTree = "<group>"; };
		5EAB98321A89CE9A002965B0 /* GPUberViewCell.xib */ = {isa = PBXFileReference; fileEncoding = 4; lastKnownFileType = file.xib; path = GPUberViewCell.xib; sourceTree = "<group>"; };
		5EAB98351A89E188002965B0 /* GPUberTime.h */ = {isa = PBXFileReference; fileEncoding = 4; lastKnownFileType = sourcecode.c.h; path = GPUberTime.h; sourceTree = "<group>"; };
		5EAB98361A89E188002965B0 /* GPUberTime.m */ = {isa = PBXFileReference; fileEncoding = 4; lastKnownFileType = sourcecode.c.objc; path = GPUberTime.m; sourceTree = "<group>"; };
		644A085E726B097B643533B2 /* Pods.debug.xcconfig */ = {isa = PBXFileReference; includeInIndex = 1; lastKnownFileType = text.xcconfig; name = Pods.debug.xcconfig; path = "Pods/Target Support Files/Pods/Pods.debug.xcconfig"; sourceTree = "<group>"; };
		F45B8CF572AF8B4E3AF0845E /* Pods.release.xcconfig */ = {isa = PBXFileReference; includeInIndex = 1; lastKnownFileType = text.xcconfig; name = Pods.release.xcconfig; path = "Pods/Target Support Files/Pods/Pods.release.xcconfig"; sourceTree = "<group>"; };
		FF39ED48A58773013E635B98 /* libPods.a */ = {isa = PBXFileReference; explicitFileType = archive.ar; includeInIndex = 0; path = libPods.a; sourceTree = BUILT_PRODUCTS_DIR; };
/* End PBXFileReference section */

/* Begin PBXFrameworksBuildPhase section */
		5EAB97DD1A899944002965B0 /* Frameworks */ = {
			isa = PBXFrameworksBuildPhase;
			buildActionMask = 2147483647;
			files = (
				E941B3F7D08F9B605082D7FF /* libPods.a in Frameworks */,
			);
			runOnlyForDeploymentPostprocessing = 0;
		};
/* End PBXFrameworksBuildPhase section */

/* Begin PBXGroup section */
		2C9CF78916B8DC830D89282F /* Frameworks */ = {
			isa = PBXGroup;
			children = (
				FF39ED48A58773013E635B98 /* libPods.a */,
			);
			name = Frameworks;
			sourceTree = "<group>";
		};
		5EAB97D71A899944002965B0 = {
			isa = PBXGroup;
			children = (
				5EAB980E1A899A16002965B0 /* GPUberView */,
				5EAB97E21A899944002965B0 /* GPUberViewDemo */,
				5EAB97E11A899944002965B0 /* Products */,
				7415B247A3FF5BF53347A826 /* Pods */,
				2C9CF78916B8DC830D89282F /* Frameworks */,
			);
			sourceTree = "<group>";
		};
		5EAB97E11A899944002965B0 /* Products */ = {
			isa = PBXGroup;
			children = (
				5EAB97E01A899944002965B0 /* GPUberViewDemo.app */,
			);
			name = Products;
			sourceTree = "<group>";
		};
		5EAB97E21A899944002965B0 /* GPUberViewDemo */ = {
			isa = PBXGroup;
			children = (
				5EAB97E71A899944002965B0 /* AppDelegate.h */,
				5EAB97E81A899944002965B0 /* AppDelegate.m */,
				5EAB98091A899997002965B0 /* MainViewController.h */,
				5EAB980A1A899997002965B0 /* MainViewController.m */,
				5EAB980B1A899997002965B0 /* MainViewController.xib */,
				5EAB97F01A899944002965B0 /* Images.xcassets */,
				5EAB97F21A899944002965B0 /* LaunchScreen.xib */,
				5EAB97E31A899944002965B0 /* Supporting Files */,
			);
			path = GPUberViewDemo;
			sourceTree = "<group>";
		};
		5EAB97E31A899944002965B0 /* Supporting Files */ = {
			isa = PBXGroup;
			children = (
				5EAB97E41A899944002965B0 /* Info.plist */,
				5EAB97E51A899944002965B0 /* main.m */,
			);
			name = "Supporting Files";
			sourceTree = "<group>";
		};
		5EAB980E1A899A16002965B0 /* GPUberView */ = {
			isa = PBXGroup;
			children = (
				5EAB982C1A89C7FD002965B0 /* data */,
				5EAB980F1A899A16002965B0 /* GPUberViewController.h */,
				5EAB98101A899A16002965B0 /* GPUberViewController.m */,
				5EAB98111A899A16002965B0 /* GPUberViewController.xib */,
				5EAB98171A89A85A002965B0 /* GPUberNetworking.h */,
				5EAB98181A89A85A002965B0 /* GPUberNetworking.m */,
				5EAB981F1A89B75D002965B0 /* NSDictionary+URLEncoding.h */,
				5EAB98201A89B75D002965B0 /* NSDictionary+URLEncoding.m */,
				5EAB98221A89BC85002965B0 /* GPUberUtils.h */,
				5EAB98231A89BC85002965B0 /* GPUberUtils.m */,
				5EAB98271A89C31C002965B0 /* GPUberView.xcassets */,
				5EAB98291A89C4F7002965B0 /* UIColor+GPUberView.h */,
				5EAB982A1A89C4F7002965B0 /* UIColor+GPUberView.m */,
				5EAB98301A89CE9A002965B0 /* GPUberViewCell.h */,
				5EAB98311A89CE9A002965B0 /* GPUberViewCell.m */,
				5EAB98321A89CE9A002965B0 /* GPUberViewCell.xib */,
			);
			name = GPUberView;
			path = ../GPUberView;
			sourceTree = "<group>";
		};
		5EAB982C1A89C7FD002965B0 /* data */ = {
			isa = PBXGroup;
			children = (
				5EAB981B1A89A8B5002965B0 /* GPUberPrice.h */,
				5EAB981C1A89A8B5002965B0 /* GPUberPrice.m */,
				5EAB98141A89A403002965B0 /* GPUberProduct.h */,
				5EAB98151A89A403002965B0 /* GPUberProduct.m */,
				5EAB982D1A89C823002965B0 /* GPUberViewElement.h */,
				5EAB982E1A89C823002965B0 /* GPUberViewElement.m */,
				5EAB98351A89E188002965B0 /* GPUberTime.h */,
				5EAB98361A89E188002965B0 /* GPUberTime.m */,
			);
			name = data;
			sourceTree = "<group>";
		};
		7415B247A3FF5BF53347A826 /* Pods */ = {
			isa = PBXGroup;
			children = (
				644A085E726B097B643533B2 /* Pods.debug.xcconfig */,
				F45B8CF572AF8B4E3AF0845E /* Pods.release.xcconfig */,
			);
			name = Pods;
			sourceTree = "<group>";
		};
/* End PBXGroup section */

/* Begin PBXNativeTarget section */
		5EAB97DF1A899944002965B0 /* GPUberViewDemo */ = {
			isa = PBXNativeTarget;
			buildConfigurationList = 5EAB98031A899944002965B0 /* Build configuration list for PBXNativeTarget "GPUberViewDemo" */;
			buildPhases = (
				AF1FED63265E9068C86ECAF1 /* Check Pods Manifest.lock */,
				5EAB97DC1A899944002965B0 /* Sources */,
				5EAB97DD1A899944002965B0 /* Frameworks */,
				5EAB97DE1A899944002965B0 /* Resources */,
				8678231784B3F1E594517C5A /* Copy Pods Resources */,
			);
			buildRules = (
			);
			dependencies = (
			);
			name = GPUberViewDemo;
			productName = GPUberViewDemo;
			productReference = 5EAB97E01A899944002965B0 /* GPUberViewDemo.app */;
			productType = "com.apple.product-type.application";
		};
/* End PBXNativeTarget section */

/* Begin PBXProject section */
		5EAB97D81A899944002965B0 /* Project object */ = {
			isa = PBXProject;
			attributes = {
				LastUpgradeCheck = 0610;
				ORGANIZATIONNAME = "George Polak";
				TargetAttributes = {
					5EAB97DF1A899944002965B0 = {
						CreatedOnToolsVersion = 6.1.1;
					};
				};
			};
			buildConfigurationList = 5EAB97DB1A899944002965B0 /* Build configuration list for PBXProject "GPUberViewDemo" */;
			compatibilityVersion = "Xcode 3.2";
			developmentRegion = English;
			hasScannedForEncodings = 0;
			knownRegions = (
				en,
				Base,
			);
			mainGroup = 5EAB97D71A899944002965B0;
			productRefGroup = 5EAB97E11A899944002965B0 /* Products */;
			projectDirPath = "";
			projectRoot = "";
			targets = (
				5EAB97DF1A899944002965B0 /* GPUberViewDemo */,
			);
		};
/* End PBXProject section */

/* Begin PBXResourcesBuildPhase section */
		5EAB97DE1A899944002965B0 /* Resources */ = {
			isa = PBXResourcesBuildPhase;
			buildActionMask = 2147483647;
			files = (
				5EAB98131A899A16002965B0 /* GPUberViewController.xib in Resources */,
				5EAB98341A89CE9A002965B0 /* GPUberViewCell.xib in Resources */,
				5EAB97F41A899944002965B0 /* LaunchScreen.xib in Resources */,
				5EAB980D1A899997002965B0 /* MainViewController.xib in Resources */,
				5EAB97F11A899944002965B0 /* Images.xcassets in Resources */,
				5EAB98281A89C31C002965B0 /* GPUberView.xcassets in Resources */,
			);
			runOnlyForDeploymentPostprocessing = 0;
		};
/* End PBXResourcesBuildPhase section */

/* Begin PBXShellScriptBuildPhase section */
		8678231784B3F1E594517C5A /* Copy Pods Resources */ = {
			isa = PBXShellScriptBuildPhase;
			buildActionMask = 2147483647;
			files = (
			);
			inputPaths = (
			);
			name = "Copy Pods Resources";
			outputPaths = (
			);
			runOnlyForDeploymentPostprocessing = 0;
			shellPath = /bin/sh;
			shellScript = "\"${SRCROOT}/Pods/Target Support Files/Pods/Pods-resources.sh\"\n";
			showEnvVarsInLog = 0;
		};
		AF1FED63265E9068C86ECAF1 /* Check Pods Manifest.lock */ = {
			isa = PBXShellScriptBuildPhase;
			buildActionMask = 2147483647;
			files = (
			);
			inputPaths = (
			);
			name = "Check Pods Manifest.lock";
			outputPaths = (
			);
			runOnlyForDeploymentPostprocessing = 0;
			shellPath = /bin/sh;
			shellScript = "diff \"${PODS_ROOT}/../Podfile.lock\" \"${PODS_ROOT}/Manifest.lock\" > /dev/null\nif [[ $? != 0 ]] ; then\n    cat << EOM\nerror: The sandbox is not in sync with the Podfile.lock. Run 'pod install' or update your CocoaPods installation.\nEOM\n    exit 1\nfi\n";
			showEnvVarsInLog = 0;
		};
/* End PBXShellScriptBuildPhase section */

/* Begin PBXSourcesBuildPhase section */
		5EAB97DC1A899944002965B0 /* Sources */ = {
			isa = PBXSourcesBuildPhase;
			buildActionMask = 2147483647;
			files = (
				5EAB98161A89A403002965B0 /* GPUberProduct.m in Sources */,
				5EAB98211A89B75D002965B0 /* NSDictionary+URLEncoding.m in Sources */,
				5EAB981D1A89A8B5002965B0 /* GPUberPrice.m in Sources */,
				5EAB98121A899A16002965B0 /* GPUberViewController.m in Sources */,
				5EAB98191A89A85A002965B0 /* GPUberNetworking.m in Sources */,
				5EAB982F1A89C823002965B0 /* GPUberViewElement.m in Sources */,
				5EAB97E91A899944002965B0 /* AppDelegate.m in Sources */,
				5EAB980C1A899997002965B0 /* MainViewController.m in Sources */,
				5EAB982B1A89C4F7002965B0 /* UIColor+GPUberView.m in Sources */,
				5EAB97E61A899944002965B0 /* main.m in Sources */,
				5EAB98371A89E188002965B0 /* GPUberTime.m in Sources */,
				5EAB98241A89BC85002965B0 /* GPUberUtils.m in Sources */,
				5EAB98331A89CE9A002965B0 /* GPUberViewCell.m in Sources */,
			);
			runOnlyForDeploymentPostprocessing = 0;
		};
/* End PBXSourcesBuildPhase section */

/* Begin PBXVariantGroup section */
		5EAB97F21A899944002965B0 /* LaunchScreen.xib */ = {
			isa = PBXVariantGroup;
			children = (
				5EAB97F31A899944002965B0 /* Base */,
			);
			name = LaunchScreen.xib;
			sourceTree = "<group>";
		};
/* End PBXVariantGroup section */

/* Begin XCBuildConfiguration section */
		5EAB98011A899944002965B0 /* Debug */ = {
			isa = XCBuildConfiguration;
			buildSettings = {
				ALWAYS_SEARCH_USER_PATHS = NO;
				CLANG_CXX_LANGUAGE_STANDARD = "gnu++0x";
				CLANG_CXX_LIBRARY = "libc++";
				CLANG_ENABLE_MODULES = YES;
				CLANG_ENABLE_OBJC_ARC = YES;
				CLANG_WARN_BOOL_CONVERSION = YES;
				CLANG_WARN_CONSTANT_CONVERSION = YES;
				CLANG_WARN_DIRECT_OBJC_ISA_USAGE = YES_ERROR;
				CLANG_WARN_EMPTY_BODY = YES;
				CLANG_WARN_ENUM_CONVERSION = YES;
				CLANG_WARN_INT_CONVERSION = YES;
				CLANG_WARN_OBJC_ROOT_CLASS = YES_ERROR;
				CLANG_WARN_UNREACHABLE_CODE = YES;
				CLANG_WARN__DUPLICATE_METHOD_MATCH = YES;
				"CODE_SIGN_IDENTITY[sdk=iphoneos*]" = "iPhone Developer";
				COPY_PHASE_STRIP = NO;
				ENABLE_STRICT_OBJC_MSGSEND = YES;
				GCC_C_LANGUAGE_STANDARD = gnu99;
				GCC_DYNAMIC_NO_PIC = NO;
				GCC_OPTIMIZATION_LEVEL = 0;
				GCC_PREPROCESSOR_DEFINITIONS = (
					"DEBUG=1",
					"$(inherited)",
				);
				GCC_SYMBOLS_PRIVATE_EXTERN = NO;
				GCC_WARN_64_TO_32_BIT_CONVERSION = YES;
				GCC_WARN_ABOUT_RETURN_TYPE = YES_ERROR;
				GCC_WARN_UNDECLARED_SELECTOR = YES;
				GCC_WARN_UNINITIALIZED_AUTOS = YES_AGGRESSIVE;
				GCC_WARN_UNUSED_FUNCTION = YES;
				GCC_WARN_UNUSED_VARIABLE = YES;
				IPHONEOS_DEPLOYMENT_TARGET = 7.1;
				MTL_ENABLE_DEBUG_INFO = YES;
				ONLY_ACTIVE_ARCH = YES;
				SDKROOT = iphoneos;
			};
			name = Debug;
		};
		5EAB98021A899944002965B0 /* Release */ = {
			isa = XCBuildConfiguration;
			buildSettings = {
				ALWAYS_SEARCH_USER_PATHS = NO;
				CLANG_CXX_LANGUAGE_STANDARD = "gnu++0x";
				CLANG_CXX_LIBRARY = "libc++";
				CLANG_ENABLE_MODULES = YES;
				CLANG_ENABLE_OBJC_ARC = YES;
				CLANG_WARN_BOOL_CONVERSION = YES;
				CLANG_WARN_CONSTANT_CONVERSION = YES;
				CLANG_WARN_DIRECT_OBJC_ISA_USAGE = YES_ERROR;
				CLANG_WARN_EMPTY_BODY = YES;
				CLANG_WARN_ENUM_CONVERSION = YES;
				CLANG_WARN_INT_CONVERSION = YES;
				CLANG_WARN_OBJC_ROOT_CLASS = YES_ERROR;
				CLANG_WARN_UNREACHABLE_CODE = YES;
				CLANG_WARN__DUPLICATE_METHOD_MATCH = YES;
				"CODE_SIGN_IDENTITY[sdk=iphoneos*]" = "iPhone Developer";
				COPY_PHASE_STRIP = YES;
				ENABLE_NS_ASSERTIONS = NO;
				ENABLE_STRICT_OBJC_MSGSEND = YES;
				GCC_C_LANGUAGE_STANDARD = gnu99;
				GCC_WARN_64_TO_32_BIT_CONVERSION = YES;
				GCC_WARN_ABOUT_RETURN_TYPE = YES_ERROR;
				GCC_WARN_UNDECLARED_SELECTOR = YES;
				GCC_WARN_UNINITIALIZED_AUTOS = YES_AGGRESSIVE;
				GCC_WARN_UNUSED_FUNCTION = YES;
				GCC_WARN_UNUSED_VARIABLE = YES;
				IPHONEOS_DEPLOYMENT_TARGET = 7.1;
				MTL_ENABLE_DEBUG_INFO = NO;
				SDKROOT = iphoneos;
				VALIDATE_PRODUCT = YES;
			};
			name = Release;
		};
		5EAB98041A899944002965B0 /* Debug */ = {
			isa = XCBuildConfiguration;
			baseConfigurationReference = 644A085E726B097B643533B2 /* Pods.debug.xcconfig */;
			buildSettings = {
				ASSETCATALOG_COMPILER_APPICON_NAME = AppIcon;
				INFOPLIST_FILE = GPUberViewDemo/Info.plist;
				LD_RUNPATH_SEARCH_PATHS = "$(inherited) @executable_path/Frameworks";
				PRODUCT_NAME = "$(TARGET_NAME)";
			};
			name = Debug;
		};
		5EAB98051A899944002965B0 /* Release */ = {
			isa = XCBuildConfiguration;
			baseConfigurationReference = F45B8CF572AF8B4E3AF0845E /* Pods.release.xcconfig */;
			buildSettings = {
				ASSETCATALOG_COMPILER_APPICON_NAME = AppIcon;
				INFOPLIST_FILE = GPUberViewDemo/Info.plist;
				LD_RUNPATH_SEARCH_PATHS = "$(inherited) @executable_path/Frameworks";
				PRODUCT_NAME = "$(TARGET_NAME)";
			};
			name = Release;
		};
/* End XCBuildConfiguration section */

/* Begin XCConfigurationList section */
		5EAB97DB1A899944002965B0 /* Build configuration list for PBXProject "GPUberViewDemo" */ = {
			isa = XCConfigurationList;
			buildConfigurations = (
				5EAB98011A899944002965B0 /* Debug */,
				5EAB98021A899944002965B0 /* Release */,
			);
			defaultConfigurationIsVisible = 0;
			defaultConfigurationName = Release;
		};
		5EAB98031A899944002965B0 /* Build configuration list for PBXNativeTarget "GPUberViewDemo" */ = {
			isa = XCConfigurationList;
			buildConfigurations = (
				5EAB98041A899944002965B0 /* Debug */,
				5EAB98051A899944002965B0 /* Release */,
			);
			defaultConfigurationIsVisible = 0;
			defaultConfigurationName = Release;
		};
/* End XCConfigurationList section */
	};
	rootObject = 5EAB97D81A899944002965B0 /* Project object */;
}
