PODS:
  - AFNetworking (2.6.0):
    - AFNetworking/NSURLConnection (= 2.6.0)
    - AFNetworking/NSURLSession (= 2.6.0)
    - AFNetworking/Reachability (= 2.6.0)
    - AFNetworking/Security (= 2.6.0)
    - AFNetworking/Serialization (= 2.6.0)
    - AFNetworking/UIKit (= 2.6.0)
  - AFNetworking/NSURLConnection (2.6.0):
    - AFNetworking/Reachability
    - AFNetworking/Security
    - AFNetworking/Serialization
  - AFNetworking/NSURLSession (2.6.0):
    - AFNetworking/Reachability
    - AFNetworking/Security
    - AFNetworking/Serialization
  - AFNetworking/Reachability (2.6.0)
  - AFNetworking/Security (2.6.0)
  - AFNetworking/Serialization (2.6.0)
  - AFNetworking/UIKit (2.6.0):
    - AFNetworking/NSURLConnection
    - AFNetworking/NSURLSession
  - BlocksKit (2.2.5):
    - BlocksKit/All (= 2.2.5)
  - BlocksKit/All (2.2.5):
    - BlocksKit/Core
    - BlocksKit/DynamicDelegate
    - BlocksKit/MessageUI
    - BlocksKit/UIKit
  - BlocksKit/Core (2.2.5)
  - BlocksKit/DynamicDelegate (2.2.5)
  - BlocksKit/MessageUI (2.2.5):
    - BlocksKit/Core
    - BlocksKit/DynamicDelegate
  - BlocksKit/UIKit (2.2.5):
    - BlocksKit/Core
    - BlocksKit/DynamicDelegate
  - Bolts (1.2.1):
    - Bolts/AppLinks (= 1.2.1)
    - Bolts/Tasks (= 1.2.1)
  - Bolts/AppLinks (1.2.1):
    - Bolts/Tasks
  - Bolts/Tasks (1.2.1)
  - GPUberView (1.0.2):
    - AFNetworking (~> 2.6)
    - BlocksKit (~> 2.2)
    - Bolts (~> 1.1)
    - INTULocationManager (~> 2.0)
    - JSONModel (~> 1.0)
    - Masonry (~> 0.6)
    - PulsingHalo
  - INTULocationManager (2.0.2)
  - JSONModel (1.1.0)
  - Masonry (0.6.2)
  - PulsingHalo (0.0.1)

DEPENDENCIES:
  - GPUberView (from `..`)

EXTERNAL SOURCES:
  GPUberView:
    :path: ..

SPEC CHECKSUMS:
  AFNetworking: 79f7eb1a0fcfa7beb409332b2ca49afe9ce53b05
  BlocksKit: 7f422b971407001178d181a43b99014ea2591fe6
  Bolts: 7686a5cb204d1ac54cee26f12d9b7622db3f80d1
  GPUberView: cba16c17bf64b38086d58d4d85dcb27ee90004e1
  INTULocationManager: 4eb51ce242d95950676a535208056d9cb246d879
  JSONModel: ec77e9865236a7a09d9cf7668df6b4b328d9ec1d
  Masonry: 362e8a1cc0beada4a4c4832d5e863da2a51533be
  PulsingHalo: 1583823bd6c989fff3469bb417bc42f0d268f98e

COCOAPODS: 0.35.0
